// !$*UTF8*$!
{
	archiveVersion = 1;
	classes = {
	};
	objectVersion = 50;
	objects = {

/* Begin PBXBuildFile section */
		68F15938237D11FC00752DCA /* AppDelegate.swift in Sources */ = {isa = PBXBuildFile; fileRef = 68F15937237D11FC00752DCA /* AppDelegate.swift */; };
		68F1593A237D11FC00752DCA /* SceneDelegate.swift in Sources */ = {isa = PBXBuildFile; fileRef = 68F15939237D11FC00752DCA /* SceneDelegate.swift */; };
		68F1593C237D11FC00752DCA /* ViewController.swift in Sources */ = {isa = PBXBuildFile; fileRef = 68F1593B237D11FC00752DCA /* ViewController.swift */; };
		68F1593F237D11FC00752DCA /* Main.storyboard in Resources */ = {isa = PBXBuildFile; fileRef = 68F1593D237D11FC00752DCA /* Main.storyboard */; };
		68F15942237D11FC00752DCA /* Hello_CoreMl.xcdatamodeld in Sources */ = {isa = PBXBuildFile; fileRef = 68F15940237D11FC00752DCA /* Hello_CoreMl.xcdatamodeld */; };
		68F15944237D11FE00752DCA /* Assets.xcassets in Resources */ = {isa = PBXBuildFile; fileRef = 68F15943237D11FE00752DCA /* Assets.xcassets */; };
		68F15947237D11FE00752DCA /* LaunchScreen.storyboard in Resources */ = {isa = PBXBuildFile; fileRef = 68F15945237D11FE00752DCA /* LaunchScreen.storyboard */; };
/* End PBXBuildFile section */

/* Begin PBXFileReference section */
		68F15934237D11FC00752DCA /* Hello=CoreMl.app */ = {isa = PBXFileReference; explicitFileType = wrapper.application; includeInIndex = 0; path = "Hello=CoreMl.app"; sourceTree = BUILT_PRODUCTS_DIR; };
		68F15937237D11FC00752DCA /* AppDelegate.swift */ = {isa = PBXFileReference; lastKnownFileType = sourcecode.swift; path = AppDelegate.swift; sourceTree = "<group>"; };
		68F15939237D11FC00752DCA /* SceneDelegate.swift */ = {isa = PBXFileReference; lastKnownFileType = sourcecode.swift; path = SceneDelegate.swift; sourceTree = "<group>"; };
		68F1593B237D11FC00752DCA /* ViewController.swift */ = {isa = PBXFileReference; lastKnownFileType = sourcecode.swift; path = ViewController.swift; sourceTree = "<group>"; };
		68F1593E237D11FC00752DCA /* Base */ = {isa = PBXFileReference; lastKnownFileType = file.storyboard; name = Base; path = Base.lproj/Main.storyboard; sourceTree = "<group>"; };
		68F15941237D11FC00752DCA /* Hello_CoreMl.xcdatamodel */ = {isa = PBXFileReference; lastKnownFileType = wrapper.xcdatamodel; path = Hello_CoreMl.xcdatamodel; sourceTree = "<group>"; };
		68F15943237D11FE00752DCA /* Assets.xcassets */ = {isa = PBXFileReference; lastKnownFileType = folder.assetcatalog; path = Assets.xcassets; sourceTree = "<group>"; };
		68F15946237D11FE00752DCA /* Base */ = {isa = PBXFileReference; lastKnownFileType = file.storyboard; name = Base; path = Base.lproj/LaunchScreen.storyboard; sourceTree = "<group>"; };
		68F15948237D11FE00752DCA /* Info.plist */ = {isa = PBXFileReference; lastKnownFileType = text.plist.xml; path = Info.plist; sourceTree = "<group>"; };
/* End PBXFileReference section */

/* Begin PBXFrameworksBuildPhase section */
		68F15931237D11FC00752DCA /* Frameworks */ = {
			isa = PBXFrameworksBuildPhase;
			buildActionMask = 2147483647;
			files = (
			);
			runOnlyForDeploymentPostprocessing = 0;
		};
/* End PBXFrameworksBuildPhase section */

/* Begin PBXGroup section */
		68F1592B237D11FC00752DCA = {
			isa = PBXGroup;
			children = (
				68F15936237D11FC00752DCA /* Hello=CoreMl */,
				68F15935237D11FC00752DCA /* Products */,
			);
			sourceTree = "<group>";
		};
		68F15935237D11FC00752DCA /* Products */ = {
			isa = PBXGroup;
			children = (
				68F15934237D11FC00752DCA /* Hello=CoreMl.app */,
			);
			name = Products;
			sourceTree = "<group>";
		};
		68F15936237D11FC00752DCA /* Hello=CoreMl */ = {
			isa = PBXGroup;
			children = (
				68F15937237D11FC00752DCA /* AppDelegate.swift */,
				68F15939237D11FC00752DCA /* SceneDelegate.swift */,
				68F1593B237D11FC00752DCA /* ViewController.swift */,
				68F1593D237D11FC00752DCA /* Main.storyboard */,
				68F15943237D11FE00752DCA /* Assets.xcassets */,
				68F15945237D11FE00752DCA /* LaunchScreen.storyboard */,
				68F15948237D11FE00752DCA /* Info.plist */,
				68F15940237D11FC00752DCA /* Hello_CoreMl.xcdatamodeld */,
			);
			path = "Hello=CoreMl";
			sourceTree = "<group>";
		};
/* End PBXGroup section */

/* Begin PBXNativeTarget section */
		68F15933237D11FC00752DCA /* Hello=CoreMl */ = {
			isa = PBXNativeTarget;
			buildConfigurationList = 68F1594B237D11FE00752DCA /* Build configuration list for PBXNativeTarget "Hello=CoreMl" */;
			buildPhases = (
				68F15930237D11FC00752DCA /* Sources */,
				68F15931237D11FC00752DCA /* Frameworks */,
				68F15932237D11FC00752DCA /* Resources */,
			);
			buildRules = (
			);
			dependencies = (
			);
			name = "Hello=CoreMl";
			productName = "Hello=CoreMl";
			productReference = 68F15934237D11FC00752DCA /* Hello=CoreMl.app */;
			productType = "com.apple.product-type.application";
		};
/* End PBXNativeTarget section */

/* Begin PBXProject section */
		68F1592C237D11FC00752DCA /* Project object */ = {
			isa = PBXProject;
			attributes = {
				LastSwiftUpdateCheck = 1120;
				LastUpgradeCheck = 1120;
				ORGANIZATIONNAME = ict;
				TargetAttributes = {
					68F15933237D11FC00752DCA = {
						CreatedOnToolsVersion = 11.2;
					};
				};
			};
			buildConfigurationList = 68F1592F237D11FC00752DCA /* Build configuration list for PBXProject "Hello=CoreMl" */;
			compatibilityVersion = "Xcode 9.3";
			developmentRegion = en;
			hasScannedForEncodings = 0;
			knownRegions = (
				en,
				Base,
			);
			mainGroup = 68F1592B237D11FC00752DCA;
			productRefGroup = 68F15935237D11FC00752DCA /* Products */;
			projectDirPath = "";
			projectRoot = "";
			targets = (
				68F15933237D11FC00752DCA /* Hello=CoreMl */,
			);
		};
/* End PBXProject section */

/* Begin PBXResourcesBuildPhase section */
		68F15932237D11FC00752DCA /* Resources */ = {
			isa = PBXResourcesBuildPhase;
			buildActionMask = 2147483647;
			files = (
				68F15947237D11FE00752DCA /* LaunchScreen.storyboard in Resources */,
				68F15944237D11FE00752DCA /* Assets.xcassets in Resources */,
				68F1593F237D11FC00752DCA /* Main.storyboard in Resources */,
			);
			runOnlyForDeploymentPostprocessing = 0;
		};
/* End PBXResourcesBuildPhase section */

/* Begin PBXSourcesBuildPhase section */
		68F15930237D11FC00752DCA /* Sources */ = {
			isa = PBXSourcesBuildPhase;
			buildActionMask = 2147483647;
			files = (
				68F1593C237D11FC00752DCA /* ViewController.swift in Sources */,
				68F15938237D11FC00752DCA /* AppDelegate.swift in Sources */,
				68F15942237D11FC00752DCA /* Hello_CoreMl.xcdatamodeld in Sources */,
				68F1593A237D11FC00752DCA /* SceneDelegate.swift in Sources */,
			);
			runOnlyForDeploymentPostprocessing = 0;
		};
/* End PBXSourcesBuildPhase section */

/* Begin PBXVariantGroup section */
		68F1593D237D11FC00752DCA /* Main.storyboard */ = {
			isa = PBXVariantGroup;
			children = (
				68F1593E237D11FC00752DCA /* Base */,
			);
			name = Main.storyboard;
			sourceTree = "<group>";
		};
		68F15945237D11FE00752DCA /* LaunchScreen.storyboard */ = {
			isa = PBXVariantGroup;
			children = (
				68F15946237D11FE00752DCA /* Base */,
			);
			name = LaunchScreen.storyboard;
			sourceTree = "<group>";
		};
/* End PBXVariantGroup section */

/* Begin XCBuildConfiguration section */
		68F15949237D11FE00752DCA /* Debug */ = {
			isa = XCBuildConfiguration;
			buildSettings = {
				ALWAYS_SEARCH_USER_PATHS = NO;
				CLANG_ANALYZER_NONNULL = YES;
				CLANG_ANALYZER_NUMBER_OBJECT_CONVERSION = YES_AGGRESSIVE;
				CLANG_CXX_LANGUAGE_STANDARD = "gnu++14";
				CLANG_CXX_LIBRARY = "libc++";
				CLANG_ENABLE_MODULES = YES;
				CLANG_ENABLE_OBJC_ARC = YES;
				CLANG_ENABLE_OBJC_WEAK = YES;
				CLANG_WARN_BLOCK_CAPTURE_AUTORELEASING = YES;
				CLANG_WARN_BOOL_CONVERSION = YES;
				CLANG_WARN_COMMA = YES;
				CLANG_WARN_CONSTANT_CONVERSION = YES;
				CLANG_WARN_DEPRECATED_OBJC_IMPLEMENTATIONS = YES;
				CLANG_WARN_DIRECT_OBJC_ISA_USAGE = YES_ERROR;
				CLANG_WARN_DOCUMENTATION_COMMENTS = YES;
				CLANG_WARN_EMPTY_BODY = YES;
				CLANG_WARN_ENUM_CONVERSION = YES;
				CLANG_WARN_INFINITE_RECURSION = YES;
				CLANG_WARN_INT_CONVERSION = YES;
				CLANG_WARN_NON_LITERAL_NULL_CONVERSION = YES;
				CLANG_WARN_OBJC_IMPLICIT_RETAIN_SELF = YES;
				CLANG_WARN_OBJC_LITERAL_CONVERSION = YES;
				CLANG_WARN_OBJC_ROOT_CLASS = YES_ERROR;
				CLANG_WARN_RANGE_LOOP_ANALYSIS = YES;
				CLANG_WARN_STRICT_PROTOTYPES = YES;
				CLANG_WARN_SUSPICIOUS_MOVE = YES;
				CLANG_WARN_UNGUARDED_AVAILABILITY = YES_AGGRESSIVE;
				CLANG_WARN_UNREACHABLE_CODE = YES;
				CLANG_WARN__DUPLICATE_METHOD_MATCH = YES;
				COPY_PHASE_STRIP = NO;
				DEBUG_INFORMATION_FORMAT = dwarf;
				ENABLE_STRICT_OBJC_MSGSEND = YES;
				ENABLE_TESTABILITY = YES;
				GCC_C_LANGUAGE_STANDARD = gnu11;
				GCC_DYNAMIC_NO_PIC = NO;
				GCC_NO_COMMON_BLOCKS = YES;
				GCC_OPTIMIZATION_LEVEL = 0;
				GCC_PREPROCESSOR_DEFINITIONS = (
					"DEBUG=1",
					"$(inherited)",
				);
				GCC_WARN_64_TO_32_BIT_CONVERSION = YES;
				GCC_WARN_ABOUT_RETURN_TYPE = YES_ERROR;
				GCC_WARN_UNDECLARED_SELECTOR = YES;
				GCC_WARN_UNINITIALIZED_AUTOS = YES_AGGRESSIVE;
				GCC_WARN_UNUSED_FUNCTION = YES;
				GCC_WARN_UNUSED_VARIABLE = YES;
				IPHONEOS_DEPLOYMENT_TARGET = 13.2;
				MTL_ENABLE_DEBUG_INFO = INCLUDE_SOURCE;
				MTL_FAST_MATH = YES;
				ONLY_ACTIVE_ARCH = YES;
				SDKROOT = iphoneos;
				SWIFT_ACTIVE_COMPILATION_CONDITIONS = DEBUG;
				SWIFT_OPTIMIZATION_LEVEL = "-Onone";
			};
			name = Debug;
		};
		68F1594A237D11FE00752DCA /* Release */ = {
			isa = XCBuildConfiguration;
			buildSettings = {
				ALWAYS_SEARCH_USER_PATHS = NO;
				CLANG_ANALYZER_NONNULL = YES;
				CLANG_ANALYZER_NUMBER_OBJECT_CONVERSION = YES_AGGRESSIVE;
				CLANG_CXX_LANGUAGE_STANDARD = "gnu++14";
				CLANG_CXX_LIBRARY = "libc++";
				CLANG_ENABLE_MODULES = YES;
				CLANG_ENABLE_OBJC_ARC = YES;
				CLANG_ENABLE_OBJC_WEAK = YES;
				CLANG_WARN_BLOCK_CAPTURE_AUTORELEASING = YES;
				CLANG_WARN_BOOL_CONVERSION = YES;
				CLANG_WARN_COMMA = YES;
				CLANG_WARN_CONSTANT_CONVERSION = YES;
				CLANG_WARN_DEPRECATED_OBJC_IMPLEMENTATIONS = YES;
				CLANG_WARN_DIRECT_OBJC_ISA_USAGE = YES_ERROR;
				CLANG_WARN_DOCUMENTATION_COMMENTS = YES;
				CLANG_WARN_EMPTY_BODY = YES;
				CLANG_WARN_ENUM_CONVERSION = YES;
				CLANG_WARN_INFINITE_RECURSION = YES;
				CLANG_WARN_INT_CONVERSION = YES;
				CLANG_WARN_NON_LITERAL_NULL_CONVERSION = YES;
				CLANG_WARN_OBJC_IMPLICIT_RETAIN_SELF = YES;
				CLANG_WARN_OBJC_LITERAL_CONVERSION = YES;
				CLANG_WARN_OBJC_ROOT_CLASS = YES_ERROR;
				CLANG_WARN_RANGE_LOOP_ANALYSIS = YES;
				CLANG_WARN_STRICT_PROTOTYPES = YES;
				CLANG_WARN_SUSPICIOUS_MOVE = YES;
				CLANG_WARN_UNGUARDED_AVAILABILITY = YES_AGGRESSIVE;
				CLANG_WARN_UNREACHABLE_CODE = YES;
				CLANG_WARN__DUPLICATE_METHOD_MATCH = YES;
				COPY_PHASE_STRIP = NO;
				DEBUG_INFORMATION_FORMAT = "dwarf-with-dsym";
				ENABLE_NS_ASSERTIONS = NO;
				ENABLE_STRICT_OBJC_MSGSEND = YES;
				GCC_C_LANGUAGE_STANDARD = gnu11;
				GCC_NO_COMMON_BLOCKS = YES;
				GCC_WARN_64_TO_32_BIT_CONVERSION = YES;
				GCC_WARN_ABOUT_RETURN_TYPE = YES_ERROR;
				GCC_WARN_UNDECLARED_SELECTOR = YES;
				GCC_WARN_UNINITIALIZED_AUTOS = YES_AGGRESSIVE;
				GCC_WARN_UNUSED_FUNCTION = YES;
				GCC_WARN_UNUSED_VARIABLE = YES;
				IPHONEOS_DEPLOYMENT_TARGET = 13.2;
				MTL_ENABLE_DEBUG_INFO = NO;
				MTL_FAST_MATH = YES;
				SDKROOT = iphoneos;
				SWIFT_COMPILATION_MODE = wholemodule;
				SWIFT_OPTIMIZATION_LEVEL = "-O";
				VALIDATE_PRODUCT = YES;
			};
			name = Release;
		};
		68F1594C237D11FE00752DCA /* Debug */ = {
			isa = XCBuildConfiguration;
			buildSettings = {
				ASSETCATALOG_COMPILER_APPICON_NAME = AppIcon;
				CODE_SIGN_STYLE = Automatic;
				DEVELOPMENT_TEAM = WKEL5C23AV;
				INFOPLIST_FILE = "Hello=CoreMl/Info.plist";
				LD_RUNPATH_SEARCH_PATHS = (
					"$(inherited)",
					"@executable_path/Frameworks",
				);
				PRODUCT_BUNDLE_IDENTIFIER = "com.Hello-CoreMl";
				PRODUCT_NAME = "$(TARGET_NAME)";
				SWIFT_VERSION = 5.0;
				TARGETED_DEVICE_FAMILY = "1,2";
			};
			name = Debug;
		};
		68F1594D237D11FE00752DCA /* Release */ = {
			isa = XCBuildConfiguration;
			buildSettings = {
				ASSETCATALOG_COMPILER_APPICON_NAME = AppIcon;
				CODE_SIGN_STYLE = Automatic;
				DEVELOPMENT_TEAM = WKEL5C23AV;
				INFOPLIST_FILE = "Hello=CoreMl/Info.plist";
				LD_RUNPATH_SEARCH_PATHS = (
					"$(inherited)",
					"@executable_path/Frameworks",
				);
				PRODUCT_BUNDLE_IDENTIFIER = "com.Hello-CoreMl";
				PRODUCT_NAME = "$(TARGET_NAME)";
				SWIFT_VERSION = 5.0;
				TARGETED_DEVICE_FAMILY = "1,2";
			};
			name = Release;
		};
/* End XCBuildConfiguration section */

/* Begin XCConfigurationList section */
		68F1592F237D11FC00752DCA /* Build configuration list for PBXProject "Hello=CoreMl" */ = {
			isa = XCConfigurationList;
			buildConfigurations = (
				68F15949237D11FE00752DCA /* Debug */,
				68F1594A237D11FE00752DCA /* Release */,
			);
			defaultConfigurationIsVisible = 0;
			defaultConfigurationName = Release;
		};
		68F1594B237D11FE00752DCA /* Build configuration list for PBXNativeTarget "Hello=CoreMl" */ = {
			isa = XCConfigurationList;
			buildConfigurations = (
				68F1594C237D11FE00752DCA /* Debug */,
				68F1594D237D11FE00752DCA /* Release */,
			);
			defaultConfigurationIsVisible = 0;
			defaultConfigurationName = Release;
		};
/* End XCConfigurationList section */

/* Begin XCVersionGroup section */
		68F15940237D11FC00752DCA /* Hello_CoreMl.xcdatamodeld */ = {
			isa = XCVersionGroup;
			children = (
				68F15941237D11FC00752DCA /* Hello_CoreMl.xcdatamodel */,
			);
			currentVersion = 68F15941237D11FC00752DCA /* Hello_CoreMl.xcdatamodel */;
			path = Hello_CoreMl.xcdatamodeld;
			sourceTree = "<group>";
			versionGroupType = wrapper.xcdatamodel;
		};
/* End XCVersionGroup section */
	};
	rootObject = 68F1592C237D11FC00752DCA /* Project object */;
}
